
Microsoft Visual Studio Solution File, Format Version 12.00
# Visual Studio Version 17
VisualStudioVersion = 17.5.002.0
MinimumVisualStudioVersion = 10.0.40219.1
Project("{9A19103F-16F7-4668-BE54-9A1E7A4F7556}") = "TrumpVerseApi", "TrumpVerseApi.csproj", "{36575999-3083-4397-A0EB-84A88A8CB573}"
EndProject
Global
	GlobalSection(SolutionConfigurationPlatforms) = preSolution
		Debug|Any CPU = Debug|Any CPU
		Release|Any CPU = Release|Any CPU
	EndGlobalSection
	GlobalSection(ProjectConfigurationPlatforms) = postSolution
		{36575999-3083-4397-A0EB-84A88A8CB573}.Debug|Any CPU.ActiveCfg = Debug|Any CPU
		{36575999-3083-4397-A0EB-84A88A8CB573}.Debug|Any CPU.Build.0 = Debug|Any CPU
		{36575999-3083-4397-A0EB-84A88A8CB573}.Release|Any CPU.ActiveCfg = Release|Any CPU
		{36575999-3083-4397-A0EB-84A88A8CB573}.Release|Any CPU.Build.0 = Release|Any CPU
	EndGlobalSection
	GlobalSection(SolutionProperties) = preSolution
		HideSolutionNode = FALSE
	EndGlobalSection
	GlobalSection(ExtensibilityGlobals) = postSolution
		SolutionGuid = {A55FC07A-81F0-49A9-9DFA-C8D86DFBE4D6}
	EndGlobalSection
EndGlobal
